github.com/rendon/testcli v0.0.0-20161027181003-6283090d169f h1:onGP+qmYmjKs7pkmi9j0mwyr97/D5wki80e74aKIOxg=
github.com/rendon/testcli v0.0.0-20161027181003-6283090d169f/go.mod h1:cq57a4l475CeMvE7RRpSui1MEqCmhirIt1E7kl8BC2Q=
github.com/urfave/cli v1.20.0 h1:fDqGv3UG/4jbVl/QkFwEdddtEDjh/5Ov6X+0B/3bPaw=
github.com/urfave/cli v1.20.0/go.mod h1:70zkFmudgCuE/ngEzBv17Jvp/497gISqfk5gWijbERA=
